
Microsoft Visual Studio Solution File, Format Version 12.00
# Visual Studio 15
VisualStudioVersion = 15.0.28307.572
MinimumVisualStudioVersion = 10.0.40219.1
Project("{FAE04EC0-301F-11D3-BF4B-00C04F79EFBC}") = "WebApplication1", "WebApplication1\WebApplication1.csproj", "{0BEB8481-1BFC-4C7F-B701-7B771FBB59F0}"
EndProject
Global
	GlobalSection(SolutionConfigurationPlatforms) = preSolution
		Debug|Any CPU = Debug|Any CPU
		Release|Any CPU = Release|Any CPU
	EndGlobalSection
	GlobalSection(ProjectConfigurationPlatforms) = postSolution
		{0BEB8481-1BFC-4C7F-B701-7B771FBB59F0}.Debug|Any CPU.ActiveCfg = Debug|Any CPU
		{0BEB8481-1BFC-4C7F-B701-7B771FBB59F0}.Debug|Any CPU.Build.0 = Debug|Any CPU
		{0BEB8481-1BFC-4C7F-B701-7B771FBB59F0}.Release|Any CPU.ActiveCfg = Release|Any CPU
		{0BEB8481-1BFC-4C7F-B701-7B771FBB59F0}.Release|Any CPU.Build.0 = Release|Any CPU
	EndGlobalSection
	GlobalSection(SolutionProperties) = preSolution
		HideSolutionNode = FALSE
	EndGlobalSection
	GlobalSection(ExtensibilityGlobals) = postSolution
		SolutionGuid = {73BA297A-B2A3-475F-95F6-73949EE7ACD1}
	EndGlobalSection
EndGlobal
