
Microsoft Visual Studio Solution File, Format Version 12.00
# Visual Studio 15
VisualStudioVersion = 15.0.28307.572
MinimumVisualStudioVersion = 10.0.40219.1
Project("{FAE04EC0-301F-11D3-BF4B-00C04F79EFBC}") = "WebApplication2", "WebApplication2\WebApplication2.csproj", "{D7CE1BE6-74E4-4F79-865E-27952EC9A5ED}"
EndProject
Global
	GlobalSection(SolutionConfigurationPlatforms) = preSolution
		Debug|Any CPU = Debug|Any CPU
		Release|Any CPU = Release|Any CPU
	EndGlobalSection
	GlobalSection(ProjectConfigurationPlatforms) = postSolution
		{D7CE1BE6-74E4-4F79-865E-27952EC9A5ED}.Debug|Any CPU.ActiveCfg = Debug|Any CPU
		{D7CE1BE6-74E4-4F79-865E-27952EC9A5ED}.Debug|Any CPU.Build.0 = Debug|Any CPU
		{D7CE1BE6-74E4-4F79-865E-27952EC9A5ED}.Release|Any CPU.ActiveCfg = Release|Any CPU
		{D7CE1BE6-74E4-4F79-865E-27952EC9A5ED}.Release|Any CPU.Build.0 = Release|Any CPU
	EndGlobalSection
	GlobalSection(SolutionProperties) = preSolution
		HideSolutionNode = FALSE
	EndGlobalSection
	GlobalSection(ExtensibilityGlobals) = postSolution
		SolutionGuid = {026E0A1D-B888-4FF2-B9F4-FB2D07CDFA2D}
	EndGlobalSection
EndGlobal
